// !$*UTF8*$!
{
	archiveVersion = 1;
	classes = {
	};
	objectVersion = 46;
	objects = {

/* Begin PBXBuildFile section */
		552944301A6DFE6F00642F70 /* LJUserEntity_Private.h in Headers */ = {isa = PBXBuildFile; fileRef = 5529442F1A6DFE6F00642F70 /* LJUserEntity_Private.h */; };
		55D087201A6CCE9200E0A00A /* Localizable.strings in Resources */ = {isa = PBXBuildFile; fileRef = BC71787905AD5484000355FC /* Localizable.strings */; };
		5F548C4C07133B7600515272 /* LJUserEntity.h in Headers */ = {isa = PBXBuildFile; fileRef = 5F548C4A07133B7600515272 /* LJUserEntity.h */; settings = {ATTRIBUTES = (Public, ); }; };
		5F548C4D07133B7600515272 /* LJUserEntity.m in Sources */ = {isa = PBXBuildFile; fileRef = 5F548C4B07133B7600515272 /* LJUserEntity.m */; };
		BC296EFF058B62EF00874810 /* ToDo.txt in Resources */ = {isa = PBXBuildFile; fileRef = BC296EFE058B62EF00874810 /* ToDo.txt */; };
		BC72DAEF058B2AFA00784C4A /* LJKit.h in Headers */ = {isa = PBXBuildFile; fileRef = F51DE22702E293FB01745AE7 /* LJKit.h */; settings = {ATTRIBUTES = (Public, ); }; };
		BC72DAF0058B2AFA00784C4A /* LJAccount.h in Headers */ = {isa = PBXBuildFile; fileRef = F51DE22002E293C501745AE7 /* LJAccount.h */; settings = {ATTRIBUTES = (Public, ); }; };
		BC72DAF1058B2AFA00784C4A /* LJAccount_EditFriends.h in Headers */ = {isa = PBXBuildFile; fileRef = F52AFB5102E35F2301ECE1AA /* LJAccount_EditFriends.h */; settings = {ATTRIBUTES = (Public, ); }; };
		BC72DAF2058B2AFA00784C4A /* LJJournal.h in Headers */ = {isa = PBXBuildFile; fileRef = F52AFB5502E35F3201ECE1AA /* LJJournal.h */; settings = {ATTRIBUTES = (Public, ); }; };
		BC72DAF3058B2AFA00784C4A /* LJEntryRoot.h in Headers */ = {isa = PBXBuildFile; fileRef = F5BD1B0C03A5597201805C1D /* LJEntryRoot.h */; settings = {ATTRIBUTES = (Public, ); }; };
		BC72DAF4058B2AFA00784C4A /* LJEntry.h in Headers */ = {isa = PBXBuildFile; fileRef = F52AFB5902E35F3C01ECE1AA /* LJEntry.h */; settings = {ATTRIBUTES = (Public, ); }; };
		BC72DAF5058B2AFA00784C4A /* LJEntry_Metadata.h in Headers */ = {isa = PBXBuildFile; fileRef = F53614280304A86B0100006B /* LJEntry_Metadata.h */; settings = {ATTRIBUTES = (Public, ); }; };
		BC72DAF6058B2AFA00784C4A /* LJEntrySummary.h in Headers */ = {isa = PBXBuildFile; fileRef = F5A55BDE03686C84015CD356 /* LJEntrySummary.h */; settings = {ATTRIBUTES = (Public, ); }; };
		BC72DAF7058B2AFA00784C4A /* LJServer.h in Headers */ = {isa = PBXBuildFile; fileRef = F52AFB6902E3650701ECE1AA /* LJServer.h */; settings = {ATTRIBUTES = (Public, ); }; };
		BC72DAF8058B2AFA00784C4A /* LJCheckFriendsSession.h in Headers */ = {isa = PBXBuildFile; fileRef = 43DC2B4103F897280074B2F0 /* LJCheckFriendsSession.h */; settings = {ATTRIBUTES = (Public, ); }; };
		BC72DAF9058B2AFA00784C4A /* LJMoods.h in Headers */ = {isa = PBXBuildFile; fileRef = F52AFB7702E381BC01ECE1AA /* LJMoods.h */; settings = {ATTRIBUTES = (Public, ); }; };
		BC72DAFA058B2AFA00784C4A /* LJFriend.h in Headers */ = {isa = PBXBuildFile; fileRef = F52AFB5D02E35F4301ECE1AA /* LJFriend.h */; settings = {ATTRIBUTES = (Public, ); }; };
		BC72DAFB058B2AFA00784C4A /* LJGroup.h in Headers */ = {isa = PBXBuildFile; fileRef = F52AFB6102E35F4A01ECE1AA /* LJGroup.h */; settings = {ATTRIBUTES = (Public, ); }; };
		BC72DAFC058B2AFA00784C4A /* LJHttpURLs.h in Headers */ = {isa = PBXBuildFile; fileRef = F52E1F010357A538010C7683 /* LJHttpURLs.h */; settings = {ATTRIBUTES = (Public, ); }; };
		BC72DAFD058B2AFA00784C4A /* URLEncoding.h in Headers */ = {isa = PBXBuildFile; fileRef = F52AFB6D02E36F5701ECE1AA /* URLEncoding.h */; settings = {ATTRIBUTES = (); }; };
		BC72DAFE058B2AFA00784C4A /* Miscellaneous.h in Headers */ = {isa = PBXBuildFile; fileRef = F52AFB6502E362C001ECE1AA /* Miscellaneous.h */; settings = {ATTRIBUTES = (); }; };
		BC72DAFF058B2AFA00784C4A /* LJMenu.h in Headers */ = {isa = PBXBuildFile; fileRef = F52AFB7202E37FBE01ECE1AA /* LJMenu.h */; settings = {ATTRIBUTES = (); }; };
		BC72DB01058B2AFA00784C4A /* InfoPlist.strings in Resources */ = {isa = PBXBuildFile; fileRef = 089C1666FE841158C02AAC07 /* InfoPlist.strings */; };
		BC72DB03058B2AFA00784C4A /* License.txt in Resources */ = {isa = PBXBuildFile; fileRef = 438B206903BD273D00067F6D /* License.txt */; };
		BC72DB05058B2AFA00784C4A /* LJAccount.m in Sources */ = {isa = PBXBuildFile; fileRef = F51DE21F02E293C501745AE7 /* LJAccount.m */; };
		BC72DB06058B2AFA00784C4A /* LJJournal.m in Sources */ = {isa = PBXBuildFile; fileRef = F52AFB5402E35F3201ECE1AA /* LJJournal.m */; };
		BC72DB07058B2AFA00784C4A /* Miscellaneous.m in Sources */ = {isa = PBXBuildFile; fileRef = F52AFB6402E362C001ECE1AA /* Miscellaneous.m */; };
		BC72DB08058B2AFA00784C4A /* LJServer.m in Sources */ = {isa = PBXBuildFile; fileRef = F52AFB6802E3650701ECE1AA /* LJServer.m */; };
		BC72DB09058B2AFA00784C4A /* URLEncoding.m in Sources */ = {isa = PBXBuildFile; fileRef = F52AFB6C02E36F5701ECE1AA /* URLEncoding.m */; };
		BC72DB0A058B2AFA00784C4A /* LJMenu.m in Sources */ = {isa = PBXBuildFile; fileRef = F52AFB7102E37FBE01ECE1AA /* LJMenu.m */; };
		BC72DB0B058B2AFA00784C4A /* LJMoods.m in Sources */ = {isa = PBXBuildFile; fileRef = F52AFB7602E381BC01ECE1AA /* LJMoods.m */; };
		BC72DB0C058B2AFA00784C4A /* LJAccount_EditFriends.m in Sources */ = {isa = PBXBuildFile; fileRef = F52AFB5002E35F2301ECE1AA /* LJAccount_EditFriends.m */; };
		BC72DB0D058B2AFA00784C4A /* LJFriend.m in Sources */ = {isa = PBXBuildFile; fileRef = F52AFB5C02E35F4301ECE1AA /* LJFriend.m */; };
		BC72DB0E058B2AFA00784C4A /* LJGroup.m in Sources */ = {isa = PBXBuildFile; fileRef = F52AFB6002E35F4A01ECE1AA /* LJGroup.m */; };
		BC72DB0F058B2AFA00784C4A /* LJEntry_Metadata.m in Sources */ = {isa = PBXBuildFile; fileRef = F53614270304A86B0100006B /* LJEntry_Metadata.m */; };
		BC72DB10058B2AFA00784C4A /* LJHttpURLs.m in Sources */ = {isa = PBXBuildFile; fileRef = F52E1F020357A538010C7683 /* LJHttpURLs.m */; };
		BC72DB11058B2AFA00784C4A /* LJEntrySummary.m in Sources */ = {isa = PBXBuildFile; fileRef = F5A55BDF03686C84015CD356 /* LJEntrySummary.m */; };
		BC72DB12058B2AFA00784C4A /* LJEntry.m in Sources */ = {isa = PBXBuildFile; fileRef = F52AFB5802E35F3C01ECE1AA /* LJEntry.m */; };
		BC72DB13058B2AFA00784C4A /* LJEntryRoot.m in Sources */ = {isa = PBXBuildFile; fileRef = F5BD1B0D03A5597201805C1D /* LJEntryRoot.m */; };
		BC72DB14058B2AFA00784C4A /* LJCheckFriendsSession.m in Sources */ = {isa = PBXBuildFile; fileRef = 43DC2B4203F897280074B2F0 /* LJCheckFriendsSession.m */; };
		BC72DB16058B2AFA00784C4A /* Cocoa.framework in Frameworks */ = {isa = PBXBuildFile; fileRef = 1058C7B1FEA5585E11CA2CBB /* Cocoa.framework */; };
		BC72DB17058B2AFA00784C4A /* libcrypto.dylib in Frameworks */ = {isa = PBXBuildFile; fileRef = F52AFB7C02E3878801ECE1AA /* libcrypto.dylib */; };
		BC72DB18058B2AFA00784C4A /* CoreServices.framework in Frameworks */ = {isa = PBXBuildFile; fileRef = F5992D0C03786BB6012C19B1 /* CoreServices.framework */; };
		BCBC6A3605AB8C5F000EFE4A /* LJAccount_Private.h in Headers */ = {isa = PBXBuildFile; fileRef = BCBC6A3505AB8C5F000EFE4A /* LJAccount_Private.h */; };
		BCBC6A7805AB9348000EFE4A /* LJServer_Private.h in Headers */ = {isa = PBXBuildFile; fileRef = BCBC6A7705AB9348000EFE4A /* LJServer_Private.h */; };
		BCBC6A7A05AB9409000EFE4A /* LJMoods_Private.h in Headers */ = {isa = PBXBuildFile; fileRef = BCBC6A7905AB9409000EFE4A /* LJMoods_Private.h */; };
		BCBC6AA505AB95D8000EFE4A /* LJJournal_Private.h in Headers */ = {isa = PBXBuildFile; fileRef = BCBC6AA405AB95D8000EFE4A /* LJJournal_Private.h */; };
		BCBC6AA705AB96F9000EFE4A /* LJEntry_Private.h in Headers */ = {isa = PBXBuildFile; fileRef = BCBC6AA605AB96F9000EFE4A /* LJEntry_Private.h */; };
		BCBC6AA905AB976B000EFE4A /* LJFriend_Private.h in Headers */ = {isa = PBXBuildFile; fileRef = BCBC6AA805AB976B000EFE4A /* LJFriend_Private.h */; };
		BCBC6AAB05AB9849000EFE4A /* LJGroup_Private.h in Headers */ = {isa = PBXBuildFile; fileRef = BCBC6AAA05AB9849000EFE4A /* LJGroup_Private.h */; };
		BCBC6B0B05ABB098000EFE4A /* SystemConfiguration.framework in Frameworks */ = {isa = PBXBuildFile; fileRef = BCBC6B0A05ABB098000EFE4A /* SystemConfiguration.framework */; };
/* End PBXBuildFile section */

/* Begin PBXFileReference section */
		0867D69BFE84028FC02AAC07 /* Foundation.framework */ = {isa = PBXFileReference; lastKnownFileType = wrapper.framework; name = Foundation.framework; path = System/Library/Frameworks/Foundation.framework; sourceTree = SDKROOT; };
		0867D6A5FE840307C02AAC07 /* AppKit.framework */ = {isa = PBXFileReference; lastKnownFileType = wrapper.framework; name = AppKit.framework; path = System/Library/Frameworks/AppKit.framework; sourceTree = SDKROOT; };
		089C1667FE841158C02AAC07 /* English */ = {isa = PBXFileReference; fileEncoding = 4; lastKnownFileType = text.plist.strings; name = English; path = English.lproj/InfoPlist.strings; sourceTree = "<group>"; };
		1058C7B1FEA5585E11CA2CBB /* Cocoa.framework */ = {isa = PBXFileReference; lastKnownFileType = wrapper.framework; name = Cocoa.framework; path = System/Library/Frameworks/Cocoa.framework; sourceTree = SDKROOT; };
		438B206903BD273D00067F6D /* License.txt */ = {isa = PBXFileReference; fileEncoding = 30; lastKnownFileType = text; path = License.txt; sourceTree = "<group>"; };
		43DC2B4103F897280074B2F0 /* LJCheckFriendsSession.h */ = {isa = PBXFileReference; fileEncoding = 4; lastKnownFileType = sourcecode.c.h; path = LJCheckFriendsSession.h; sourceTree = "<group>"; };
		43DC2B4203F897280074B2F0 /* LJCheckFriendsSession.m */ = {isa = PBXFileReference; fileEncoding = 4; lastKnownFileType = sourcecode.c.objc; lineEnding = 0; path = LJCheckFriendsSession.m; sourceTree = "<group>"; xcLanguageSpecificationIdentifier = xcode.lang.objc; };
		5529442F1A6DFE6F00642F70 /* LJUserEntity_Private.h */ = {isa = PBXFileReference; fileEncoding = 4; lastKnownFileType = sourcecode.c.h; path = LJUserEntity_Private.h; sourceTree = "<group>"; };
		5F548C4A07133B7600515272 /* LJUserEntity.h */ = {isa = PBXFileReference; fileEncoding = 30; lastKnownFileType = sourcecode.c.h; path = LJUserEntity.h; sourceTree = "<group>"; };
		5F548C4B07133B7600515272 /* LJUserEntity.m */ = {isa = PBXFileReference; fileEncoding = 30; lastKnownFileType = sourcecode.c.objc; path = LJUserEntity.m; sourceTree = "<group>"; };
		BC296EFE058B62EF00874810 /* ToDo.txt */ = {isa = PBXFileReference; fileEncoding = 30; lastKnownFileType = text; path = ToDo.txt; sourceTree = "<group>"; };
		BC71787A05AD5484000355FC /* English */ = {isa = PBXFileReference; fileEncoding = 4; lastKnownFileType = text.plist.strings; name = English; path = English.lproj/Localizable.strings; sourceTree = "<group>"; };
		BC72DB1B058B2AFA00784C4A /* Info.plist */ = {isa = PBXFileReference; lastKnownFileType = text.plist.xml; path = Info.plist; sourceTree = "<group>"; };
		BC72DB1C058B2AFA00784C4A /* LJKit.framework */ = {isa = PBXFileReference; explicitFileType = wrapper.framework; includeInIndex = 0; path = LJKit.framework; sourceTree = BUILT_PRODUCTS_DIR; };
		BC72DB6C058B2D2000784C4A /* Changes.html */ = {isa = PBXFileReference; fileEncoding = 4; lastKnownFileType = text.html; path = Changes.html; sourceTree = "<group>"; };
		BC72DCA3058B315E00784C4A /* LJKitDocumentation */ = {isa = PBXFileReference; explicitFileType = "compiled.mach-o.executable"; includeInIndex = 0; path = LJKitDocumentation; sourceTree = BUILT_PRODUCTS_DIR; };
		BCBC6A3505AB8C5F000EFE4A /* LJAccount_Private.h */ = {isa = PBXFileReference; fileEncoding = 4; lastKnownFileType = sourcecode.c.h; path = LJAccount_Private.h; sourceTree = "<group>"; };
		BCBC6A7705AB9348000EFE4A /* LJServer_Private.h */ = {isa = PBXFileReference; fileEncoding = 4; lastKnownFileType = sourcecode.c.h; path = LJServer_Private.h; sourceTree = "<group>"; };
		BCBC6A7905AB9409000EFE4A /* LJMoods_Private.h */ = {isa = PBXFileReference; fileEncoding = 4; lastKnownFileType = sourcecode.c.h; path = LJMoods_Private.h; sourceTree = "<group>"; };
		BCBC6AA405AB95D8000EFE4A /* LJJournal_Private.h */ = {isa = PBXFileReference; fileEncoding = 4; lastKnownFileType = sourcecode.c.h; path = LJJournal_Private.h; sourceTree = "<group>"; };
		BCBC6AA605AB96F9000EFE4A /* LJEntry_Private.h */ = {isa = PBXFileReference; fileEncoding = 4; lastKnownFileType = sourcecode.c.h; path = LJEntry_Private.h; sourceTree = "<group>"; };
		BCBC6AA805AB976B000EFE4A /* LJFriend_Private.h */ = {isa = PBXFileReference; fileEncoding = 4; lastKnownFileType = sourcecode.c.h; path = LJFriend_Private.h; sourceTree = "<group>"; };
		BCBC6AAA05AB9849000EFE4A /* LJGroup_Private.h */ = {isa = PBXFileReference; fileEncoding = 4; lastKnownFileType = sourcecode.c.h; path = LJGroup_Private.h; sourceTree = "<group>"; };
		BCBC6B0A05ABB098000EFE4A /* SystemConfiguration.framework */ = {isa = PBXFileReference; lastKnownFileType = wrapper.framework; name = SystemConfiguration.framework; path = System/Library/Frameworks/SystemConfiguration.framework; sourceTree = SDKROOT; };
		F51DE21F02E293C501745AE7 /* LJAccount.m */ = {isa = PBXFileReference; fileEncoding = 30; lastKnownFileType = sourcecode.c.objc; lineEnding = 0; path = LJAccount.m; sourceTree = "<group>"; xcLanguageSpecificationIdentifier = xcode.lang.objc; };
		F51DE22002E293C501745AE7 /* LJAccount.h */ = {isa = PBXFileReference; fileEncoding = 30; lastKnownFileType = sourcecode.c.h; path = LJAccount.h; sourceTree = "<group>"; };
		F51DE22702E293FB01745AE7 /* LJKit.h */ = {isa = PBXFileReference; fileEncoding = 30; lastKnownFileType = sourcecode.c.h; path = LJKit.h; sourceTree = "<group>"; };
		F52AFB5002E35F2301ECE1AA /* LJAccount_EditFriends.m */ = {isa = PBXFileReference; fileEncoding = 30; lastKnownFileType = sourcecode.c.objc; path = LJAccount_EditFriends.m; sourceTree = "<group>"; };
		F52AFB5102E35F2301ECE1AA /* LJAccount_EditFriends.h */ = {isa = PBXFileReference; fileEncoding = 30; lastKnownFileType = sourcecode.c.h; path = LJAccount_EditFriends.h; sourceTree = "<group>"; };
		F52AFB5402E35F3201ECE1AA /* LJJournal.m */ = {isa = PBXFileReference; fileEncoding = 30; lastKnownFileType = sourcecode.c.objc; path = LJJournal.m; sourceTree = "<group>"; };
		F52AFB5502E35F3201ECE1AA /* LJJournal.h */ = {isa = PBXFileReference; fileEncoding = 30; lastKnownFileType = sourcecode.c.h; path = LJJournal.h; sourceTree = "<group>"; };
		F52AFB5802E35F3C01ECE1AA /* LJEntry.m */ = {isa = PBXFileReference; fileEncoding = 30; lastKnownFileType = sourcecode.c.objc; lineEnding = 0; path = LJEntry.m; sourceTree = "<group>"; xcLanguageSpecificationIdentifier = xcode.lang.objc; };
		F52AFB5902E35F3C01ECE1AA /* LJEntry.h */ = {isa = PBXFileReference; fileEncoding = 30; lastKnownFileType = sourcecode.c.h; path = LJEntry.h; sourceTree = "<group>"; };
		F52AFB5C02E35F4301ECE1AA /* LJFriend.m */ = {isa = PBXFileReference; fileEncoding = 30; lastKnownFileType = sourcecode.c.objc; path = LJFriend.m; sourceTree = "<group>"; };
		F52AFB5D02E35F4301ECE1AA /* LJFriend.h */ = {isa = PBXFileReference; fileEncoding = 30; lastKnownFileType = sourcecode.c.h; path = LJFriend.h; sourceTree = "<group>"; };
		F52AFB6002E35F4A01ECE1AA /* LJGroup.m */ = {isa = PBXFileReference; fileEncoding = 30; lastKnownFileType = sourcecode.c.objc; path = LJGroup.m; sourceTree = "<group>"; };
		F52AFB6102E35F4A01ECE1AA /* LJGroup.h */ = {isa = PBXFileReference; fileEncoding = 30; lastKnownFileType = sourcecode.c.h; path = LJGroup.h; sourceTree = "<group>"; };
		F52AFB6402E362C001ECE1AA /* Miscellaneous.m */ = {isa = PBXFileReference; fileEncoding = 30; lastKnownFileType = sourcecode.c.objc; path = Miscellaneous.m; sourceTree = "<group>"; };
		F52AFB6502E362C001ECE1AA /* Miscellaneous.h */ = {isa = PBXFileReference; fileEncoding = 30; lastKnownFileType = sourcecode.c.h; path = Miscellaneous.h; sourceTree = "<group>"; };
		F52AFB6802E3650701ECE1AA /* LJServer.m */ = {isa = PBXFileReference; fileEncoding = 30; lastKnownFileType = sourcecode.c.objc; path = LJServer.m; sourceTree = "<group>"; usesTabs = 1; };
		F52AFB6902E3650701ECE1AA /* LJServer.h */ = {isa = PBXFileReference; fileEncoding = 30; lastKnownFileType = sourcecode.c.h; path = LJServer.h; sourceTree = "<group>"; };
		F52AFB6C02E36F5701ECE1AA /* URLEncoding.m */ = {isa = PBXFileReference; fileEncoding = 30; lastKnownFileType = sourcecode.c.objc; path = URLEncoding.m; sourceTree = "<group>"; };
		F52AFB6D02E36F5701ECE1AA /* URLEncoding.h */ = {isa = PBXFileReference; fileEncoding = 30; lastKnownFileType = sourcecode.c.h; path = URLEncoding.h; sourceTree = "<group>"; };
		F52AFB7102E37FBE01ECE1AA /* LJMenu.m */ = {isa = PBXFileReference; fileEncoding = 30; lastKnownFileType = sourcecode.c.objc; path = LJMenu.m; sourceTree = "<group>"; };
		F52AFB7202E37FBE01ECE1AA /* LJMenu.h */ = {isa = PBXFileReference; fileEncoding = 30; lastKnownFileType = sourcecode.c.h; path = LJMenu.h; sourceTree = "<group>"; };
		F52AFB7602E381BC01ECE1AA /* LJMoods.m */ = {isa = PBXFileReference; fileEncoding = 30; lastKnownFileType = sourcecode.c.objc; path = LJMoods.m; sourceTree = "<group>"; };
		F52AFB7702E381BC01ECE1AA /* LJMoods.h */ = {isa = PBXFileReference; fileEncoding = 30; lastKnownFileType = sourcecode.c.h; path = LJMoods.h; sourceTree = "<group>"; };
		F52AFB7C02E3878801ECE1AA /* libcrypto.dylib */ = {isa = PBXFileReference; lastKnownFileType = "compiled.mach-o.dylib"; name = libcrypto.dylib; path = usr/lib/libcrypto.dylib; sourceTree = SDKROOT; };
		F52E1F010357A538010C7683 /* LJHttpURLs.h */ = {isa = PBXFileReference; fileEncoding = 30; lastKnownFileType = sourcecode.c.h; path = LJHttpURLs.h; sourceTree = "<group>"; };
		F52E1F020357A538010C7683 /* LJHttpURLs.m */ = {isa = PBXFileReference; fileEncoding = 30; lastKnownFileType = sourcecode.c.objc; path = LJHttpURLs.m; sourceTree = "<group>"; };
		F53614270304A86B0100006B /* LJEntry_Metadata.m */ = {isa = PBXFileReference; fileEncoding = 30; lastKnownFileType = sourcecode.c.objc; path = LJEntry_Metadata.m; sourceTree = "<group>"; };
		F53614280304A86B0100006B /* LJEntry_Metadata.h */ = {isa = PBXFileReference; fileEncoding = 30; lastKnownFileType = sourcecode.c.h; path = LJEntry_Metadata.h; sourceTree = "<group>"; };
		F5992D0C03786BB6012C19B1 /* CoreServices.framework */ = {isa = PBXFileReference; lastKnownFileType = wrapper.framework; name = CoreServices.framework; path = System/Library/Frameworks/CoreServices.framework; sourceTree = SDKROOT; };
		F5A55BDE03686C84015CD356 /* LJEntrySummary.h */ = {isa = PBXFileReference; fileEncoding = 30; lastKnownFileType = sourcecode.c.h; path = LJEntrySummary.h; sourceTree = "<group>"; };
		F5A55BDF03686C84015CD356 /* LJEntrySummary.m */ = {isa = PBXFileReference; fileEncoding = 30; lastKnownFileType = sourcecode.c.objc; path = LJEntrySummary.m; sourceTree = "<group>"; };
		F5BD1B0C03A5597201805C1D /* LJEntryRoot.h */ = {isa = PBXFileReference; fileEncoding = 30; lastKnownFileType = sourcecode.c.h; path = LJEntryRoot.h; sourceTree = "<group>"; };
		F5BD1B0D03A5597201805C1D /* LJEntryRoot.m */ = {isa = PBXFileReference; fileEncoding = 30; lastKnownFileType = sourcecode.c.objc; lineEnding = 0; path = LJEntryRoot.m; sourceTree = "<group>"; xcLanguageSpecificationIdentifier = xcode.lang.objc; };
/* End PBXFileReference section */

/* Begin PBXFrameworksBuildPhase section */
		BC72DB15058B2AFA00784C4A /* Frameworks */ = {
			isa = PBXFrameworksBuildPhase;
			buildActionMask = 2147483647;
			files = (
				BC72DB16058B2AFA00784C4A /* Cocoa.framework in Frameworks */,
				BC72DB17058B2AFA00784C4A /* libcrypto.dylib in Frameworks */,
				BC72DB18058B2AFA00784C4A /* CoreServices.framework in Frameworks */,
				BCBC6B0B05ABB098000EFE4A /* SystemConfiguration.framework in Frameworks */,
			);
			runOnlyForDeploymentPostprocessing = 0;
		};
/* End PBXFrameworksBuildPhase section */

/* Begin PBXGroup section */
		034768DFFF38A50411DB9C8B /* Products */ = {
			isa = PBXGroup;
			children = (
				BC72DB1C058B2AFA00784C4A /* LJKit.framework */,
				BC72DCA3058B315E00784C4A /* LJKitDocumentation */,
			);
			name = Products;
			sourceTree = "<group>";
		};
		0867D691FE84028FC02AAC07 /* LJKit */ = {
			isa = PBXGroup;
			children = (
				BC296EFE058B62EF00874810 /* ToDo.txt */,
				BC72DB6C058B2D2000784C4A /* Changes.html */,
				F51DE22502E293D301745AE7 /* Public */,
				F51DE22602E293E501745AE7 /* Private */,
				089C1665FE841158C02AAC07 /* Resources */,
				0867D69AFE84028FC02AAC07 /* Frameworks */,
				034768DFFF38A50411DB9C8B /* Products */,
			);
			name = LJKit;
			sourceTree = "<group>";
			usesTabs = 0;
		};
		0867D69AFE84028FC02AAC07 /* Frameworks */ = {
			isa = PBXGroup;
			children = (
				F5992D0C03786BB6012C19B1 /* CoreServices.framework */,
				1058C7B1FEA5585E11CA2CBB /* Cocoa.framework */,
				0867D69BFE84028FC02AAC07 /* Foundation.framework */,
				0867D6A5FE840307C02AAC07 /* AppKit.framework */,
				BCBC6B0A05ABB098000EFE4A /* SystemConfiguration.framework */,
				F52AFB7C02E3878801ECE1AA /* libcrypto.dylib */,
			);
			name = Frameworks;
			sourceTree = "<group>";
		};
		089C1665FE841158C02AAC07 /* Resources */ = {
			isa = PBXGroup;
			children = (
				BC72DB1B058B2AFA00784C4A /* Info.plist */,
				089C1666FE841158C02AAC07 /* InfoPlist.strings */,
				BC71787905AD5484000355FC /* Localizable.strings */,
				438B206903BD273D00067F6D /* License.txt */,
			);
			name = Resources;
			sourceTree = "<group>";
		};
		F51DE22502E293D301745AE7 /* Public */ = {
			isa = PBXGroup;
			children = (
				F51DE22702E293FB01745AE7 /* LJKit.h */,
				F51DE22002E293C501745AE7 /* LJAccount.h */,
				F51DE21F02E293C501745AE7 /* LJAccount.m */,
				F52AFB5102E35F2301ECE1AA /* LJAccount_EditFriends.h */,
				F52AFB5002E35F2301ECE1AA /* LJAccount_EditFriends.m */,
				43DC2B4103F897280074B2F0 /* LJCheckFriendsSession.h */,
				43DC2B4203F897280074B2F0 /* LJCheckFriendsSession.m */,
				F52AFB6902E3650701ECE1AA /* LJServer.h */,
				F52AFB6802E3650701ECE1AA /* LJServer.m */,
				F52AFB7702E381BC01ECE1AA /* LJMoods.h */,
				F52AFB7602E381BC01ECE1AA /* LJMoods.m */,
				F52AFB5502E35F3201ECE1AA /* LJJournal.h */,
				F52AFB5402E35F3201ECE1AA /* LJJournal.m */,
				F5BD1B0C03A5597201805C1D /* LJEntryRoot.h */,
				F5BD1B0D03A5597201805C1D /* LJEntryRoot.m */,
				F52AFB5902E35F3C01ECE1AA /* LJEntry.h */,
				F52AFB5802E35F3C01ECE1AA /* LJEntry.m */,
				F53614280304A86B0100006B /* LJEntry_Metadata.h */,
				F53614270304A86B0100006B /* LJEntry_Metadata.m */,
				F5A55BDE03686C84015CD356 /* LJEntrySummary.h */,
				F5A55BDF03686C84015CD356 /* LJEntrySummary.m */,
				F52AFB5D02E35F4301ECE1AA /* LJFriend.h */,
				F52AFB5C02E35F4301ECE1AA /* LJFriend.m */,
				F52AFB6102E35F4A01ECE1AA /* LJGroup.h */,
				F52AFB6002E35F4A01ECE1AA /* LJGroup.m */,
				F52E1F010357A538010C7683 /* LJHttpURLs.h */,
				F52E1F020357A538010C7683 /* LJHttpURLs.m */,
				5F548C4A07133B7600515272 /* LJUserEntity.h */,
				5F548C4B07133B7600515272 /* LJUserEntity.m */,
			);
			name = Public;
			sourceTree = "<group>";
		};
		F51DE22602E293E501745AE7 /* Private */ = {
			isa = PBXGroup;
			children = (
				BCBC6A3505AB8C5F000EFE4A /* LJAccount_Private.h */,
				BCBC6AA605AB96F9000EFE4A /* LJEntry_Private.h */,
				BCBC6AA805AB976B000EFE4A /* LJFriend_Private.h */,
				BCBC6AAA05AB9849000EFE4A /* LJGroup_Private.h */,
				BCBC6AA405AB95D8000EFE4A /* LJJournal_Private.h */,
				BCBC6A7905AB9409000EFE4A /* LJMoods_Private.h */,
				BCBC6A7705AB9348000EFE4A /* LJServer_Private.h */,
				5529442F1A6DFE6F00642F70 /* LJUserEntity_Private.h */,
				F52AFB7202E37FBE01ECE1AA /* LJMenu.h */,
				F52AFB7102E37FBE01ECE1AA /* LJMenu.m */,
				F52AFB6D02E36F5701ECE1AA /* URLEncoding.h */,
				F52AFB6C02E36F5701ECE1AA /* URLEncoding.m */,
				F52AFB6502E362C001ECE1AA /* Miscellaneous.h */,
				F52AFB6402E362C001ECE1AA /* Miscellaneous.m */,
			);
			name = Private;
			sourceTree = "<group>";
		};
/* End PBXGroup section */

/* Begin PBXHeadersBuildPhase section */
		BC72DAEE058B2AFA00784C4A /* Headers */ = {
			isa = PBXHeadersBuildPhase;
			buildActionMask = 2147483647;
			files = (
				BC72DAEF058B2AFA00784C4A /* LJKit.h in Headers */,
				BC72DAF0058B2AFA00784C4A /* LJAccount.h in Headers */,
				BC72DAF1058B2AFA00784C4A /* LJAccount_EditFriends.h in Headers */,
				BC72DAF2058B2AFA00784C4A /* LJJournal.h in Headers */,
				BC72DAF3058B2AFA00784C4A /* LJEntryRoot.h in Headers */,
				BC72DAF4058B2AFA00784C4A /* LJEntry.h in Headers */,
				BC72DAF5058B2AFA00784C4A /* LJEntry_Metadata.h in Headers */,
				BC72DAF6058B2AFA00784C4A /* LJEntrySummary.h in Headers */,
				552944301A6DFE6F00642F70 /* LJUserEntity_Private.h in Headers */,
				BC72DAF7058B2AFA00784C4A /* LJServer.h in Headers */,
				BC72DAF8058B2AFA00784C4A /* LJCheckFriendsSession.h in Headers */,
				BC72DAF9058B2AFA00784C4A /* LJMoods.h in Headers */,
				BC72DAFA058B2AFA00784C4A /* LJFriend.h in Headers */,
				BC72DAFB058B2AFA00784C4A /* LJGroup.h in Headers */,
				BC72DAFC058B2AFA00784C4A /* LJHttpURLs.h in Headers */,
				BC72DAFD058B2AFA00784C4A /* URLEncoding.h in Headers */,
				BC72DAFE058B2AFA00784C4A /* Miscellaneous.h in Headers */,
				BC72DAFF058B2AFA00784C4A /* LJMenu.h in Headers */,
				BCBC6A3605AB8C5F000EFE4A /* LJAccount_Private.h in Headers */,
				BCBC6A7805AB9348000EFE4A /* LJServer_Private.h in Headers */,
				BCBC6A7A05AB9409000EFE4A /* LJMoods_Private.h in Headers */,
				BCBC6AA505AB95D8000EFE4A /* LJJournal_Private.h in Headers */,
				BCBC6AA705AB96F9000EFE4A /* LJEntry_Private.h in Headers */,
				BCBC6AA905AB976B000EFE4A /* LJFriend_Private.h in Headers */,
				BCBC6AAB05AB9849000EFE4A /* LJGroup_Private.h in Headers */,
				5F548C4C07133B7600515272 /* LJUserEntity.h in Headers */,
			);
			runOnlyForDeploymentPostprocessing = 0;
		};
/* End PBXHeadersBuildPhase section */

/* Begin PBXNativeTarget section */
		BC72DAED058B2AFA00784C4A /* LJKit */ = {
			isa = PBXNativeTarget;
			buildConfigurationList = 5FBE9E0F092E685C0071F534 /* Build configuration list for PBXNativeTarget "LJKit" */;
			buildPhases = (
				58E700E20A259E2F00EB5E27 /* ShellScript */,
				BC72DAEE058B2AFA00784C4A /* Headers */,
				BC72DB00058B2AFA00784C4A /* Resources */,
				BC72DB04058B2AFA00784C4A /* Sources */,
				BC72DB15058B2AFA00784C4A /* Frameworks */,
			);
			buildRules = (
			);
			dependencies = (
			);
			name = LJKit;
			productInstallPath = "@executable_path/../Frameworks";
			productName = LJKit;
			productReference = BC72DB1C058B2AFA00784C4A /* LJKit.framework */;
			productType = "com.apple.product-type.framework";
		};
		BC72DCA0058B315D00784C4A /* Documentation */ = {
			isa = PBXNativeTarget;
			buildConfigurationList = 5FBE9E13092E685C0071F534 /* Build configuration list for PBXNativeTarget "Documentation" */;
			buildPhases = (
				BC72DCA1058B315D00784C4A /* ShellScript */,
			);
			buildRules = (
			);
			dependencies = (
			);
			name = Documentation;
			productInstallPath = /usr/local/bin;
			productName = Documentation;
			productReference = BC72DCA3058B315E00784C4A /* LJKitDocumentation */;
			productType = "com.apple.product-type.tool";
		};
/* End PBXNativeTarget section */

/* Begin PBXProject section */
		0867D690FE84028FC02AAC07 /* Project object */ = {
			isa = PBXProject;
			attributes = {
				LastUpgradeCheck = 0610;
			};
			buildConfigurationList = 5FBE9E17092E685C0071F534 /* Build configuration list for PBXProject "LJKit" */;
			compatibilityVersion = "Xcode 3.2";
			developmentRegion = English;
			hasScannedForEncodings = 1;
			knownRegions = (
				en,
			);
			mainGroup = 0867D691FE84028FC02AAC07 /* LJKit */;
			productRefGroup = 034768DFFF38A50411DB9C8B /* Products */;
			projectDirPath = "";
			projectRoot = "";
			targets = (
				BC72DAED058B2AFA00784C4A /* LJKit */,
				BC72DCA0058B315D00784C4A /* Documentation */,
			);
		};
/* End PBXProject section */

/* Begin PBXResourcesBuildPhase section */
		BC72DB00058B2AFA00784C4A /* Resources */ = {
			isa = PBXResourcesBuildPhase;
			buildActionMask = 2147483647;
			files = (
				BC72DB01058B2AFA00784C4A /* InfoPlist.strings in Resources */,
				55D087201A6CCE9200E0A00A /* Localizable.strings in Resources */,
				BC72DB03058B2AFA00784C4A /* License.txt in Resources */,
				BC296EFF058B62EF00874810 /* ToDo.txt in Resources */,
			);
			runOnlyForDeploymentPostprocessing = 0;
		};
/* End PBXResourcesBuildPhase section */

/* Begin PBXShellScriptBuildPhase section */
		58E700E20A259E2F00EB5E27 /* ShellScript */ = {
			isa = PBXShellScriptBuildPhase;
			buildActionMask = 2147483647;
			files = (
			);
			inputPaths = (
			);
			outputPaths = (
			);
			runOnlyForDeploymentPostprocessing = 0;
			shellPath = /bin/sh;
			shellScript = "echo \"Symroot: ${SYMROOT}\"";
		};
		BC72DCA1058B315D00784C4A /* ShellScript */ = {
			isa = PBXShellScriptBuildPhase;
			buildActionMask = 2147483647;
			files = (
			);
			inputPaths = (
				"",
			);
			outputPaths = (
			);
			runOnlyForDeploymentPostprocessing = 0;
			shellPath = /bin/sh;
			shellScript = "DOCUMENTATION=${BUILD_ROOT}/LJKitDocumentation\nheaderdoc2html -o $DOCUMENTATION *.h\ngatherheaderdoc $DOCUMENTATION\n";
		};
/* End PBXShellScriptBuildPhase section */

/* Begin PBXSourcesBuildPhase section */
		BC72DB04058B2AFA00784C4A /* Sources */ = {
			isa = PBXSourcesBuildPhase;
			buildActionMask = 2147483647;
			files = (
				BC72DB05058B2AFA00784C4A /* LJAccount.m in Sources */,
				BC72DB06058B2AFA00784C4A /* LJJournal.m in Sources */,
				BC72DB07058B2AFA00784C4A /* Miscellaneous.m in Sources */,
				BC72DB08058B2AFA00784C4A /* LJServer.m in Sources */,
				BC72DB09058B2AFA00784C4A /* URLEncoding.m in Sources */,
				BC72DB0A058B2AFA00784C4A /* LJMenu.m in Sources */,
				BC72DB0B058B2AFA00784C4A /* LJMoods.m in Sources */,
				BC72DB0C058B2AFA00784C4A /* LJAccount_EditFriends.m in Sources */,
				BC72DB0D058B2AFA00784C4A /* LJFriend.m in Sources */,
				BC72DB0E058B2AFA00784C4A /* LJGroup.m in Sources */,
				BC72DB0F058B2AFA00784C4A /* LJEntry_Metadata.m in Sources */,
				BC72DB10058B2AFA00784C4A /* LJHttpURLs.m in Sources */,
				BC72DB11058B2AFA00784C4A /* LJEntrySummary.m in Sources */,
				BC72DB12058B2AFA00784C4A /* LJEntry.m in Sources */,
				BC72DB13058B2AFA00784C4A /* LJEntryRoot.m in Sources */,
				BC72DB14058B2AFA00784C4A /* LJCheckFriendsSession.m in Sources */,
				5F548C4D07133B7600515272 /* LJUserEntity.m in Sources */,
			);
			runOnlyForDeploymentPostprocessing = 0;
		};
/* End PBXSourcesBuildPhase section */

/* Begin PBXVariantGroup section */
		089C1666FE841158C02AAC07 /* InfoPlist.strings */ = {
			isa = PBXVariantGroup;
			children = (
				089C1667FE841158C02AAC07 /* English */,
			);
			name = InfoPlist.strings;
			sourceTree = "<group>";
		};
		BC71787905AD5484000355FC /* Localizable.strings */ = {
			isa = PBXVariantGroup;
			children = (
				BC71787A05AD5484000355FC /* English */,
			);
			name = Localizable.strings;
			sourceTree = "<group>";
		};
/* End PBXVariantGroup section */

/* Begin XCBuildConfiguration section */
		5FBE9E10092E685C0071F534 /* Debug */ = {
			isa = XCBuildConfiguration;
			buildSettings = {
				APPLICATION_EXTENSION_API_ONLY = YES;
				CLANG_ENABLE_OBJC_ARC = YES;
				CLANG_WARN_DOCUMENTATION_COMMENTS = YES;
				COMBINE_HIDPI_IMAGES = YES;
				COPY_PHASE_STRIP = NO;
				DEFINES_MODULE = YES;
				DYLIB_COMPATIBILITY_VERSION = 1;
				DYLIB_CURRENT_VERSION = 1;
				DYLIB_INSTALL_NAME_BASE = "@rpath";
				FRAMEWORK_SEARCH_PATHS = "";
				FRAMEWORK_VERSION = A;
				GCC_DYNAMIC_NO_PIC = NO;
				GCC_ENABLE_FIX_AND_CONTINUE = YES;
				GCC_GENERATE_DEBUGGING_SYMBOLS = YES;
				GCC_OPTIMIZATION_LEVEL = 0;
				GCC_WARN_UNKNOWN_PRAGMAS = NO;
				HEADER_SEARCH_PATHS = "";
				INFOPLIST_FILE = Info.plist;
				INSTALL_PATH = "@executable_path/../Frameworks";
				LIBRARY_SEARCH_PATHS = "";
				OTHER_CFLAGS = "-DDEBUG";
				OTHER_LDFLAGS = (
					"-seg1addr",
					0x10000000,
				);
				PRODUCT_NAME = LJKit;
				SECTORDER_FLAGS = "";
				WARNING_CFLAGS = "-Wmost";
				WRAPPER_EXTENSION = framework;
			};
			name = Debug;
		};
		5FBE9E11092E685C0071F534 /* Release */ = {
			isa = XCBuildConfiguration;
			buildSettings = {
				APPLICATION_EXTENSION_API_ONLY = YES;
				CLANG_ENABLE_OBJC_ARC = YES;
				CLANG_WARN_DOCUMENTATION_COMMENTS = YES;
				COMBINE_HIDPI_IMAGES = YES;
				COPY_PHASE_STRIP = YES;
				DEFINES_MODULE = YES;
				DYLIB_COMPATIBILITY_VERSION = 1;
				DYLIB_CURRENT_VERSION = 1;
				DYLIB_INSTALL_NAME_BASE = "@rpath";
				FRAMEWORK_SEARCH_PATHS = "";
				FRAMEWORK_VERSION = A;
				GCC_ENABLE_FIX_AND_CONTINUE = NO;
				GCC_WARN_UNKNOWN_PRAGMAS = NO;
				HEADER_SEARCH_PATHS = "";
				INFOPLIST_FILE = Info.plist;
				INSTALL_PATH = "@executable_path/../Frameworks";
				LIBRARY_SEARCH_PATHS = "";
				OTHER_CFLAGS = "";
				OTHER_LDFLAGS = (
					"-seg1addr",
					0x10000000,
				);
				PRODUCT_NAME = LJKit;
				SECTORDER_FLAGS = "";
				WARNING_CFLAGS = "-Wmost";
				WRAPPER_EXTENSION = framework;
			};
			name = Release;
		};
		5FBE9E14092E685C0071F534 /* Debug */ = {
			isa = XCBuildConfiguration;
			buildSettings = {
				COPY_PHASE_STRIP = NO;
				GCC_DYNAMIC_NO_PIC = NO;
				GCC_ENABLE_FIX_AND_CONTINUE = YES;
				GCC_GENERATE_DEBUGGING_SYMBOLS = YES;
				GCC_OPTIMIZATION_LEVEL = 0;
				GCC_WARN_FOUR_CHARACTER_CONSTANTS = NO;
				GCC_WARN_UNKNOWN_PRAGMAS = NO;
				OPTIMIZATION_CFLAGS = "-O0";
				OTHER_CFLAGS = "-DDEBUG";
				OTHER_LDFLAGS = "";
				OTHER_REZFLAGS = "";
				PRODUCT_NAME = LJKitDocumentation;
				REZ_EXECUTABLE = NO;
				SECTORDER_FLAGS = "";
				WARNING_CFLAGS = "-Wmost";
				ZERO_LINK = YES;
			};
			name = Debug;
		};
		5FBE9E15092E685C0071F534 /* Release */ = {
			isa = XCBuildConfiguration;
			buildSettings = {
				COPY_PHASE_STRIP = YES;
				GCC_ENABLE_FIX_AND_CONTINUE = NO;
				GCC_WARN_FOUR_CHARACTER_CONSTANTS = NO;
				GCC_WARN_UNKNOWN_PRAGMAS = NO;
				OTHER_CFLAGS = "";
				OTHER_LDFLAGS = "";
				OTHER_REZFLAGS = "";
				PRODUCT_NAME = LJKitDocumentation;
				REZ_EXECUTABLE = NO;
				SECTORDER_FLAGS = "";
				WARNING_CFLAGS = "-Wmost";
				ZERO_LINK = NO;
			};
			name = Release;
		};
		5FBE9E18092E685C0071F534 /* Debug */ = {
			isa = XCBuildConfiguration;
			buildSettings = {
				CLANG_ENABLE_MODULES = YES;
				CLANG_WARN_BOOL_CONVERSION = YES;
				CLANG_WARN_CONSTANT_CONVERSION = YES;
				CLANG_WARN_DEPRECATED_OBJC_IMPLEMENTATIONS = YES;
				CLANG_WARN_DIRECT_OBJC_ISA_USAGE = YES_ERROR;
				CLANG_WARN_EMPTY_BODY = YES;
				CLANG_WARN_ENUM_CONVERSION = YES;
				CLANG_WARN_INT_CONVERSION = YES;
				CLANG_WARN_OBJC_ROOT_CLASS = YES_ERROR;
				CLANG_WARN_UNREACHABLE_CODE = YES;
				CLANG_WARN__DUPLICATE_METHOD_MATCH = YES;
				DEBUG_INFORMATION_FORMAT = dwarf;
				GCC_C_LANGUAGE_STANDARD = gnu99;
				GCC_OPTIMIZATION_LEVEL = 0;
				GCC_WARN_64_TO_32_BIT_CONVERSION = YES;
				GCC_WARN_ABOUT_RETURN_TYPE = YES_ERROR;
				GCC_WARN_UNDECLARED_SELECTOR = YES;
				GCC_WARN_UNINITIALIZED_AUTOS = YES_AGGRESSIVE;
				GCC_WARN_UNUSED_FUNCTION = YES;
				GCC_WARN_UNUSED_VARIABLE = YES;
				MACOSX_DEPLOYMENT_TARGET = 10.7;
				ONLY_ACTIVE_ARCH = YES;
				SDKROOT = macosx;
				STRIP_INSTALLED_PRODUCT = NO;
				VERSIONING_SYSTEM = "apple-generic";
			};
			name = Debug;
		};
		5FBE9E19092E685C0071F534 /* Release */ = {
			isa = XCBuildConfiguration;
			buildSettings = {
				CLANG_ENABLE_MODULES = YES;
				CLANG_WARN_BOOL_CONVERSION = YES;
				CLANG_WARN_CONSTANT_CONVERSION = YES;
				CLANG_WARN_DEPRECATED_OBJC_IMPLEMENTATIONS = YES;
				CLANG_WARN_DIRECT_OBJC_ISA_USAGE = YES_ERROR;
				CLANG_WARN_EMPTY_BODY = YES;
				CLANG_WARN_ENUM_CONVERSION = YES;
				CLANG_WARN_INT_CONVERSION = YES;
				CLANG_WARN_OBJC_ROOT_CLASS = YES_ERROR;
				CLANG_WARN_UNREACHABLE_CODE = YES;
				CLANG_WARN__DUPLICATE_METHOD_MATCH = YES;
				DEBUG_INFORMATION_FORMAT = "dwarf-with-dsym";
				GCC_C_LANGUAGE_STANDARD = gnu99;
				GCC_WARN_64_TO_32_BIT_CONVERSION = YES;
				GCC_WARN_ABOUT_RETURN_TYPE = YES_ERROR;
				GCC_WARN_UNDECLARED_SELECTOR = YES;
				GCC_WARN_UNINITIALIZED_AUTOS = YES_AGGRESSIVE;
				GCC_WARN_UNUSED_FUNCTION = YES;
				GCC_WARN_UNUSED_VARIABLE = YES;
				MACOSX_DEPLOYMENT_TARGET = 10.7;
				SDKROOT = macosx;
				VERSIONING_SYSTEM = "apple-generic";
			};
			name = Release;
		};
/* End XCBuildConfiguration section */

/* Begin XCConfigurationList section */
		5FBE9E0F092E685C0071F534 /* Build configuration list for PBXNativeTarget "LJKit" */ = {
			isa = XCConfigurationList;
			buildConfigurations = (
				5FBE9E10092E685C0071F534 /* Debug */,
				5FBE9E11092E685C0071F534 /* Release */,
			);
			defaultConfigurationIsVisible = 0;
			defaultConfigurationName = Release;
		};
		5FBE9E13092E685C0071F534 /* Build configuration list for PBXNativeTarget "Documentation" */ = {
			isa = XCConfigurationList;
			buildConfigurations = (
				5FBE9E14092E685C0071F534 /* Debug */,
				5FBE9E15092E685C0071F534 /* Release */,
			);
			defaultConfigurationIsVisible = 0;
			defaultConfigurationName = Release;
		};
		5FBE9E17092E685C0071F534 /* Build configuration list for PBXProject "LJKit" */ = {
			isa = XCConfigurationList;
			buildConfigurations = (
				5FBE9E18092E685C0071F534 /* Debug */,
				5FBE9E19092E685C0071F534 /* Release */,
			);
			defaultConfigurationIsVisible = 0;
			defaultConfigurationName = Release;
		};
/* End XCConfigurationList section */
	};
	rootObject = 0867D690FE84028FC02AAC07 /* Project object */;
}
